
Microsoft Visual Studio Solution File, Format Version 12.00
# Visual Studio Express 2013 for Web
VisualStudioVersion = 12.0.31101.0
MinimumVisualStudioVersion = 10.0.40219.1
Project("{FAE04EC0-301F-11D3-BF4B-00C04F79EFBC}") = "NetStock", "NetStock\NetStock.csproj", "{E5C9329D-DCCA-4C30-9AB4-A4FDC4204932}"
EndProject
Project("{FAE04EC0-301F-11D3-BF4B-00C04F79EFBC}") = "NetStock.Contract", "NetStock.Contract\NetStock.Contract.csproj", "{BF0C3AA9-E595-47B7-9510-84CF5DCC1AE9}"
EndProject
Project("{FAE04EC0-301F-11D3-BF4B-00C04F79EFBC}") = "NetStock.BusinessFactory", "NetStock.BusinessFactory\NetStock.BusinessFactory.csproj", "{71EDE830-A054-44E9-BD17-B2961A810E12}"
EndProject
Project("{FAE04EC0-301F-11D3-BF4B-00C04F79EFBC}") = "NetStock.DataFactory", "NetStock.DataFactory\NetStock.DataFactory.csproj", "{D1F0F08E-DEDA-4598-8BE2-E45E44052ADB}"
EndProject
Global
	GlobalSection(SolutionConfigurationPlatforms) = preSolution
		Debug|Any CPU = Debug|Any CPU
		Release|Any CPU = Release|Any CPU
	EndGlobalSection
	GlobalSection(ProjectConfigurationPlatforms) = postSolution
		{E5C9329D-DCCA-4C30-9AB4-A4FDC4204932}.Debug|Any CPU.ActiveCfg = Debug|Any CPU
		{E5C9329D-DCCA-4C30-9AB4-A4FDC4204932}.Debug|Any CPU.Build.0 = Debug|Any CPU
		{E5C9329D-DCCA-4C30-9AB4-A4FDC4204932}.Release|Any CPU.ActiveCfg = Release|Any CPU
		{E5C9329D-DCCA-4C30-9AB4-A4FDC4204932}.Release|Any CPU.Build.0 = Release|Any CPU
		{BF0C3AA9-E595-47B7-9510-84CF5DCC1AE9}.Debug|Any CPU.ActiveCfg = Debug|Any CPU
		{BF0C3AA9-E595-47B7-9510-84CF5DCC1AE9}.Debug|Any CPU.Build.0 = Debug|Any CPU
		{BF0C3AA9-E595-47B7-9510-84CF5DCC1AE9}.Release|Any CPU.ActiveCfg = Release|Any CPU
		{BF0C3AA9-E595-47B7-9510-84CF5DCC1AE9}.Release|Any CPU.Build.0 = Release|Any CPU
		{71EDE830-A054-44E9-BD17-B2961A810E12}.Debug|Any CPU.ActiveCfg = Debug|Any CPU
		{71EDE830-A054-44E9-BD17-B2961A810E12}.Debug|Any CPU.Build.0 = Debug|Any CPU
		{71EDE830-A054-44E9-BD17-B2961A810E12}.Release|Any CPU.ActiveCfg = Release|Any CPU
		{71EDE830-A054-44E9-BD17-B2961A810E12}.Release|Any CPU.Build.0 = Release|Any CPU
		{D1F0F08E-DEDA-4598-8BE2-E45E44052ADB}.Debug|Any CPU.ActiveCfg = Debug|Any CPU
		{D1F0F08E-DEDA-4598-8BE2-E45E44052ADB}.Debug|Any CPU.Build.0 = Debug|Any CPU
		{D1F0F08E-DEDA-4598-8BE2-E45E44052ADB}.Release|Any CPU.ActiveCfg = Release|Any CPU
		{D1F0F08E-DEDA-4598-8BE2-E45E44052ADB}.Release|Any CPU.Build.0 = Release|Any CPU
	EndGlobalSection
	GlobalSection(SolutionProperties) = preSolution
		HideSolutionNode = FALSE
	EndGlobalSection
EndGlobal
